# This file is automatically @generated by Cargo.
# It is not intended for manual editing.
version = 4

[[package]]
name = "bitflags"
version = "2.8.0"
source = "registry+https://github.com/rust-lang/crates.io-index"
checksum = "8f68f53c83ab957f72c32642f3868eec03eb974d1fb82e453128456482613d36"

[[package]]
name = "lazy_static"
version = "1.5.0"
source = "registry+https://github.com/rust-lang/crates.io-index"
checksum = "bbd2bcb4c963f2ddae06a2efc7e9f3591312473c50c6685e1f298068316e66fe"

[[package]]
name = "libc"
version = "0.2.169"
source = "registry+https://github.com/rust-lang/crates.io-index"
checksum = "b5aba8db14291edd000dfcc4d620c7ebfb122c613afb886ca8803fa4e128a20a"

[[package]]
name = "rs_chip8"
version = "0.2.0"
dependencies = [
 "sdl3",
]

[[package]]
name = "sdl3"
version = "0.14.3"
source = "registry+https://github.com/rust-lang/crates.io-index"
checksum = "41f43489df3f10ba4e6682ac57203f0f3e1f85e51936ccf5bf8b3276d585c42f"
dependencies = [
 "bitflags",
 "lazy_static",
 "libc",
 "sdl3-sys",
]

[[package]]
name = "sdl3-sys"
version = "0.4.2+SDL3-3.2.0"
source = "registry+https://github.com/rust-lang/crates.io-index"
checksum = "62e56dc3a403bec711689a8ddedabc1e6fd3faa20b29088895f0d2081fc936fb"
