# This file is automatically @generated by Cargo.
# It is not intended for manual editing.
version = 4

[[package]]
name = "arduino-hal"
version = "0.1.0"
source = "git+https://github.com/rahix/avr-hal?rev=3c089795cadbbc7fa83f45958128689fee7ba1e4#3c089795cadbbc7fa83f45958128689fee7ba1e4"
dependencies = [
 "atmega-hal",
 "avr-device",
 "avr-hal-generic",
 "cfg-if",
 "embedded-hal 0.2.7",
 "embedded-hal 1.0.0",
 "ufmt",
]

[[package]]
name = "atmega-hal"
version = "0.1.0"
source = "git+https://github.com/rahix/avr-hal?rev=3c089795cadbbc7fa83f45958128689fee7ba1e4#3c089795cadbbc7fa83f45958128689fee7ba1e4"
dependencies = [
 "avr-device",
 "avr-hal-generic",
]

[[package]]
name = "autocfg"
version = "1.4.0"
source = "registry+https://github.com/rust-lang/crates.io-index"
checksum = "ace50bade8e6234aa140d9a2f552bbee1db4d353f69b8217bc503490fc1a9f26"

[[package]]
name = "avr-device"
version = "0.7.0"
source = "registry+https://github.com/rust-lang/crates.io-index"
checksum = "520f2031240156132bd83639d86aeb5b1907e6a228d9a4b44c3e9699827e6dae"
dependencies = [
 "avr-device-macros",
 "bare-metal",
 "cfg-if",
 "vcell",
]

[[package]]
name = "avr-device-macros"
version = "0.7.0"
source = "registry+https://github.com/rust-lang/crates.io-index"
checksum = "47c26fd925156183eb10e821b2ef7e06f8163f5a64a0bbe52fc896be2c6cbd3f"
dependencies = [
 "proc-macro2",
 "quote",
 "syn 1.0.109",
]

[[package]]
name = "avr-hal-generic"
version = "0.1.0"
source = "git+https://github.com/rahix/avr-hal?rev=3c089795cadbbc7fa83f45958128689fee7ba1e4#3c089795cadbbc7fa83f45958128689fee7ba1e4"
dependencies = [
 "avr-device",
 "embedded-hal 0.2.7",
 "embedded-hal 1.0.0",
 "embedded-hal-bus",
 "embedded-storage",
 "nb 1.1.0",
 "paste",
 "ufmt",
 "unwrap-infallible",
]

[[package]]
name = "az"
version = "1.2.1"
source = "registry+https://github.com/rust-lang/crates.io-index"
checksum = "7b7e4c2464d97fe331d41de9d5db0def0a96f4d823b8b32a2efd503578988973"

[[package]]
name = "bare-metal"
version = "1.0.0"
source = "registry+https://github.com/rust-lang/crates.io-index"
checksum = "f8fe8f5a8a398345e52358e18ff07cc17a568fbca5c6f73873d3a62056309603"

[[package]]
name = "bitflags"
version = "2.8.0"
source = "registry+https://github.com/rust-lang/crates.io-index"
checksum = "8f68f53c83ab957f72c32642f3868eec03eb974d1fb82e453128456482613d36"

[[package]]
name = "byte-slice-cast"
version = "1.2.2"
source = "registry+https://github.com/rust-lang/crates.io-index"
checksum = "c3ac9f8b63eca6fd385229b3675f6cc0dc5c8a5c8a54a59d4f52ffd670d87b0c"

[[package]]
name = "byteorder"
version = "1.5.0"
source = "registry+https://github.com/rust-lang/crates.io-index"
checksum = "1fd0f2584146f6f2ef48085050886acf353beff7305ebd1ae69500e27c67f64b"

[[package]]
name = "cfg-if"
version = "1.0.0"
source = "registry+https://github.com/rust-lang/crates.io-index"
checksum = "baf1de4339761588bc0619e3cbc0120ee582ebb74b53b4efbf79117bd2da40fd"

[[package]]
name = "critical-section"
version = "1.2.0"
source = "registry+https://github.com/rust-lang/crates.io-index"
checksum = "790eea4361631c5e7d22598ecd5723ff611904e3344ce8720784c93e3d83d40b"

[[package]]
name = "display-interface"
version = "0.5.0"
source = "registry+https://github.com/rust-lang/crates.io-index"
checksum = "7ba2aab1ef3793e6f7804162debb5ac5edb93b3d650fbcc5aeb72fcd0e6c03a0"

[[package]]
name = "display-interface-i2c"
version = "0.5.0"
source = "registry+https://github.com/rust-lang/crates.io-index"
checksum = "0d964fa85bbbb5a6ecd06e58699407ac5dc3e3ad72dac0ab7e6b0d00a1cd262d"
dependencies = [
 "display-interface",
 "embedded-hal 1.0.0",
 "embedded-hal-async",
]

[[package]]
name = "display-interface-spi"
version = "0.5.0"
source = "registry+https://github.com/rust-lang/crates.io-index"
checksum = "f86b9ec30048b1955da2038fcc3c017f419ab21bb0001879d16c0a3749dc6b7a"
dependencies = [
 "byte-slice-cast",
 "display-interface",
 "embedded-hal 1.0.0",
 "embedded-hal-async",
]

[[package]]
name = "embedded-graphics"
version = "0.8.1"
source = "registry+https://github.com/rust-lang/crates.io-index"
checksum = "0649998afacf6d575d126d83e68b78c0ab0e00ca2ac7e9b3db11b4cbe8274ef0"
dependencies = [
 "az",
 "byteorder",
 "embedded-graphics-core",
 "float-cmp",
 "micromath",
]

[[package]]
name = "embedded-graphics-core"
version = "0.4.0"
source = "registry+https://github.com/rust-lang/crates.io-index"
checksum = "ba9ecd261f991856250d2207f6d8376946cd9f412a2165d3b75bc87a0bc7a044"
dependencies = [
 "az",
 "byteorder",
]

[[package]]
name = "embedded-hal"
version = "0.2.7"
source = "registry+https://github.com/rust-lang/crates.io-index"
checksum = "35949884794ad573cf46071e41c9b60efb0cb311e3ca01f7af807af1debc66ff"
dependencies = [
 "nb 0.1.3",
 "void",
]

[[package]]
name = "embedded-hal"
version = "1.0.0"
source = "registry+https://github.com/rust-lang/crates.io-index"
checksum = "361a90feb7004eca4019fb28352a9465666b24f840f5c3cddf0ff13920590b89"

[[package]]
name = "embedded-hal-async"
version = "1.0.0"
source = "registry+https://github.com/rust-lang/crates.io-index"
checksum = "0c4c685bbef7fe13c3c6dd4da26841ed3980ef33e841cddfa15ce8a8fb3f1884"
dependencies = [
 "embedded-hal 1.0.0",
]

[[package]]
name = "embedded-hal-bus"
version = "0.1.0"
source = "registry+https://github.com/rust-lang/crates.io-index"
checksum = "57b4e6ede84339ebdb418cd986e6320a34b017cdf99b5cc3efceec6450b06886"
dependencies = [
 "critical-section",
 "embedded-hal 1.0.0",
]

[[package]]
name = "embedded-storage"
version = "0.2.0"
source = "registry+https://github.com/rust-lang/crates.io-index"
checksum = "723dce4e9f25b6e6c5f35628e144794e5b459216ed7da97b7c4b66cdb3fa82ca"

[[package]]
name = "float-cmp"
version = "0.9.0"
source = "registry+https://github.com/rust-lang/crates.io-index"
checksum = "98de4bbd547a563b716d8dfa9aad1cb19bfab00f4fa09a6a4ed21dbcf44ce9c4"
dependencies = [
 "num-traits",
]

[[package]]
name = "getrandom"
version = "0.3.1"
source = "registry+https://github.com/rust-lang/crates.io-index"
checksum = "43a49c392881ce6d5c3b8cb70f98717b7c07aabbdff06687b9030dbfbe2725f8"
dependencies = [
 "cfg-if",
 "libc",
 "wasi",
 "windows-targets",
]

[[package]]
name = "hash32"
version = "0.3.1"
source = "registry+https://github.com/rust-lang/crates.io-index"
checksum = "47d60b12902ba28e2730cd37e95b8c9223af2808df9e902d4df49588d1470606"
dependencies = [
 "byteorder",
]

[[package]]
name = "heapless"
version = "0.8.0"
source = "registry+https://github.com/rust-lang/crates.io-index"
checksum = "0bfb9eb618601c89945a70e254898da93b13be0388091d42117462b265bb3fad"
dependencies = [
 "hash32",
 "stable_deref_trait",
]

[[package]]
name = "lazy_static"
version = "1.5.0"
source = "registry+https://github.com/rust-lang/crates.io-index"
checksum = "bbd2bcb4c963f2ddae06a2efc7e9f3591312473c50c6685e1f298068316e66fe"

[[package]]
name = "libc"
version = "0.2.169"
source = "registry+https://github.com/rust-lang/crates.io-index"
checksum = "b5aba8db14291edd000dfcc4d620c7ebfb122c613afb886ca8803fa4e128a20a"

[[package]]
name = "manyhow"
version = "0.11.4"
source = "registry+https://github.com/rust-lang/crates.io-index"
checksum = "b33efb3ca6d3b07393750d4030418d594ab1139cee518f0dc88db70fec873587"
dependencies = [
 "manyhow-macros",
 "proc-macro2",
 "quote",
 "syn 1.0.109",
 "syn 2.0.96",
]

[[package]]
name = "manyhow-macros"
version = "0.11.4"
source = "registry+https://github.com/rust-lang/crates.io-index"
checksum = "46fce34d199b78b6e6073abf984c9cf5fd3e9330145a93ee0738a7443e371495"
dependencies = [
 "proc-macro-utils",
 "proc-macro2",
 "quote",
]

[[package]]
name = "maybe-async-cfg"
version = "0.2.5"
source = "registry+https://github.com/rust-lang/crates.io-index"
checksum = "8dbfaa67a76e2623580df07d6bb5e7956c0a4bae4b418314083a9c619bd66627"
dependencies = [
 "manyhow",
 "proc-macro2",
 "pulldown-cmark",
 "quote",
 "syn 1.0.109",
]

[[package]]
name = "memchr"
version = "2.7.4"
source = "registry+https://github.com/rust-lang/crates.io-index"
checksum = "78ca9ab1a0babb1e7d5695e3530886289c18cf2f87ec19a575a0abdce112e3a3"

[[package]]
name = "micromath"
version = "2.1.0"
source = "registry+https://github.com/rust-lang/crates.io-index"
checksum = "c3c8dda44ff03a2f238717214da50f65d5a53b45cd213a7370424ffdb6fae815"

[[package]]
name = "nb"
version = "0.1.3"
source = "registry+https://github.com/rust-lang/crates.io-index"
checksum = "801d31da0513b6ec5214e9bf433a77966320625a37860f910be265be6e18d06f"
dependencies = [
 "nb 1.1.0",
]

[[package]]
name = "nb"
version = "1.1.0"
source = "registry+https://github.com/rust-lang/crates.io-index"
checksum = "8d5439c4ad607c3c23abf66de8c8bf57ba8adcd1f129e699851a6e43935d339d"

[[package]]
name = "num-traits"
version = "0.2.19"
source = "registry+https://github.com/rust-lang/crates.io-index"
checksum = "071dfc062690e90b734c0b2273ce72ad0ffa95f0c74596bc250dcfd960262841"
dependencies = [
 "autocfg",
]

[[package]]
name = "panic-halt"
version = "1.0.0"
source = "registry+https://github.com/rust-lang/crates.io-index"
checksum = "a513e167849a384b7f9b746e517604398518590a9142f4846a32e3c2a4de7b11"

[[package]]
name = "paste"
version = "1.0.15"
source = "registry+https://github.com/rust-lang/crates.io-index"
checksum = "57c0d7b74b563b49d38dae00a0c37d4d6de9b432382b2892f0574ddcae73fd0a"

[[package]]
name = "ppv-lite86"
version = "0.2.20"
source = "registry+https://github.com/rust-lang/crates.io-index"
checksum = "77957b295656769bb8ad2b6a6b09d897d94f05c41b069aede1fcdaa675eaea04"
dependencies = [
 "zerocopy 0.7.35",
]

[[package]]
name = "proc-macro-utils"
version = "0.10.0"
source = "registry+https://github.com/rust-lang/crates.io-index"
checksum = "eeaf08a13de400bc215877b5bdc088f241b12eb42f0a548d3390dc1c56bb7071"
dependencies = [
 "proc-macro2",
 "quote",
 "smallvec",
]

[[package]]
name = "proc-macro2"
version = "1.0.93"
source = "registry+https://github.com/rust-lang/crates.io-index"
checksum = "60946a68e5f9d28b0dc1c21bb8a97ee7d018a8b322fa57838ba31cc878e22d99"
dependencies = [
 "unicode-ident",
]

[[package]]
name = "pulldown-cmark"
version = "0.11.3"
source = "registry+https://github.com/rust-lang/crates.io-index"
checksum = "679341d22c78c6c649893cbd6c3278dcbe9fc4faa62fea3a9296ae2b50c14625"
dependencies = [
 "bitflags",
 "memchr",
 "unicase",
]

[[package]]
name = "quote"
version = "1.0.38"
source = "registry+https://github.com/rust-lang/crates.io-index"
checksum = "0e4dccaaaf89514f546c693ddc140f729f958c247918a13380cccc6078391acc"
dependencies = [
 "proc-macro2",
]

[[package]]
name = "rand"
version = "0.9.0"
source = "registry+https://github.com/rust-lang/crates.io-index"
checksum = "3779b94aeb87e8bd4e834cee3650289ee9e0d5677f976ecdb6d219e5f4f6cd94"
dependencies = [
 "rand_chacha",
 "rand_core",
 "zerocopy 0.8.14",
]

[[package]]
name = "rand_chacha"
version = "0.9.0"
source = "registry+https://github.com/rust-lang/crates.io-index"
checksum = "d3022b5f1df60f26e1ffddd6c66e8aa15de382ae63b3a0c1bfc0e4d3e3f325cb"
dependencies = [
 "ppv-lite86",
 "rand_core",
]

[[package]]
name = "rand_core"
version = "0.9.0"
source = "registry+https://github.com/rust-lang/crates.io-index"
checksum = "b08f3c9802962f7e1b25113931d94f43ed9725bebc59db9d0c3e9a23b67e15ff"
dependencies = [
 "getrandom",
 "zerocopy 0.8.14",
]

[[package]]
name = "rs_chip8_arduboy"
version = "0.2.0"
dependencies = [
 "arduino-hal",
 "embedded-graphics",
 "panic-halt",
 "ssd1306",
 "ufmt",
]

[[package]]
name = "rs_chip8_core"
version = "0.2.0"
dependencies = [
 "heapless",
 "thiserror",
]

[[package]]
name = "rs_chip8_desktop"
version = "0.2.0"
dependencies = [
 "rand",
 "rs_chip8_core",
 "sdl3",
 "thiserror",
]

[[package]]
name = "sdl3"
version = "0.14.3"
source = "registry+https://github.com/rust-lang/crates.io-index"
checksum = "41f43489df3f10ba4e6682ac57203f0f3e1f85e51936ccf5bf8b3276d585c42f"
dependencies = [
 "bitflags",
 "lazy_static",
 "libc",
 "sdl3-sys",
]

[[package]]
name = "sdl3-sys"
version = "0.4.2+SDL3-3.2.0"
source = "registry+https://github.com/rust-lang/crates.io-index"
checksum = "62e56dc3a403bec711689a8ddedabc1e6fd3faa20b29088895f0d2081fc936fb"

[[package]]
name = "smallvec"
version = "1.13.2"
source = "registry+https://github.com/rust-lang/crates.io-index"
checksum = "3c5e1a9a646d36c3599cd173a41282daf47c44583ad367b8e6837255952e5c67"

[[package]]
name = "ssd1306"
version = "0.9.0"
source = "registry+https://github.com/rust-lang/crates.io-index"
checksum = "7ed51935bdc6e9e976d3d9a747e768589eaea0cf26f483213bfededc947c8624"
dependencies = [
 "display-interface",
 "display-interface-i2c",
 "display-interface-spi",
 "embedded-graphics-core",
 "embedded-hal 1.0.0",
 "maybe-async-cfg",
]

[[package]]
name = "stable_deref_trait"
version = "1.2.0"
source = "registry+https://github.com/rust-lang/crates.io-index"
checksum = "a8f112729512f8e442d81f95a8a7ddf2b7c6b8a1a6f509a95864142b30cab2d3"

[[package]]
name = "syn"
version = "1.0.109"
source = "registry+https://github.com/rust-lang/crates.io-index"
checksum = "72b64191b275b66ffe2469e8af2c1cfe3bafa67b529ead792a6d0160888b4237"
dependencies = [
 "proc-macro2",
 "quote",
 "unicode-ident",
]

[[package]]
name = "syn"
version = "2.0.96"
source = "registry+https://github.com/rust-lang/crates.io-index"
checksum = "d5d0adab1ae378d7f53bdebc67a39f1f151407ef230f0ce2883572f5d8985c80"
dependencies = [
 "proc-macro2",
 "quote",
 "unicode-ident",
]

[[package]]
name = "thiserror"
version = "2.0.11"
source = "registry+https://github.com/rust-lang/crates.io-index"
checksum = "d452f284b73e6d76dd36758a0c8684b1d5be31f92b89d07fd5822175732206fc"
dependencies = [
 "thiserror-impl",
]

[[package]]
name = "thiserror-impl"
version = "2.0.11"
source = "registry+https://github.com/rust-lang/crates.io-index"
checksum = "26afc1baea8a989337eeb52b6e72a039780ce45c3edfcc9c5b9d112feeb173c2"
dependencies = [
 "proc-macro2",
 "quote",
 "syn 2.0.96",
]

[[package]]
name = "ufmt"
version = "0.2.0"
source = "registry+https://github.com/rust-lang/crates.io-index"
checksum = "1a64846ec02b57e9108d6469d98d1648782ad6bb150a95a9baac26900bbeab9d"
dependencies = [
 "ufmt-macros",
 "ufmt-write",
]

[[package]]
name = "ufmt-macros"
version = "0.3.0"
source = "registry+https://github.com/rust-lang/crates.io-index"
checksum = "d337d3be617449165cb4633c8dece429afd83f84051024079f97ad32a9663716"
dependencies = [
 "proc-macro2",
 "quote",
 "syn 1.0.109",
]

[[package]]
name = "ufmt-write"
version = "0.1.0"
source = "registry+https://github.com/rust-lang/crates.io-index"
checksum = "e87a2ed6b42ec5e28cc3b94c09982969e9227600b2e3dcbc1db927a84c06bd69"

[[package]]
name = "unicase"
version = "2.8.1"
source = "registry+https://github.com/rust-lang/crates.io-index"
checksum = "75b844d17643ee918803943289730bec8aac480150456169e647ed0b576ba539"

[[package]]
name = "unicode-ident"
version = "1.0.16"
source = "registry+https://github.com/rust-lang/crates.io-index"
checksum = "a210d160f08b701c8721ba1c726c11662f877ea6b7094007e1ca9a1041945034"

[[package]]
name = "unwrap-infallible"
version = "0.1.5"
source = "registry+https://github.com/rust-lang/crates.io-index"
checksum = "151ac09978d3c2862c4e39b557f4eceee2cc72150bc4cb4f16abf061b6e381fb"

[[package]]
name = "vcell"
version = "0.1.3"
source = "registry+https://github.com/rust-lang/crates.io-index"
checksum = "77439c1b53d2303b20d9459b1ade71a83c716e3f9c34f3228c00e6f185d6c002"

[[package]]
name = "void"
version = "1.0.2"
source = "registry+https://github.com/rust-lang/crates.io-index"
checksum = "6a02e4885ed3bc0f2de90ea6dd45ebcbb66dacffe03547fadbb0eeae2770887d"

[[package]]
name = "wasi"
version = "0.13.3+wasi-0.2.2"
source = "registry+https://github.com/rust-lang/crates.io-index"
checksum = "26816d2e1a4a36a2940b96c5296ce403917633dff8f3440e9b236ed6f6bacad2"
dependencies = [
 "wit-bindgen-rt",
]

[[package]]
name = "windows-targets"
version = "0.52.6"
source = "registry+https://github.com/rust-lang/crates.io-index"
checksum = "9b724f72796e036ab90c1021d4780d4d3d648aca59e491e6b98e725b84e99973"
dependencies = [
 "windows_aarch64_gnullvm",
 "windows_aarch64_msvc",
 "windows_i686_gnu",
 "windows_i686_gnullvm",
 "windows_i686_msvc",
 "windows_x86_64_gnu",
 "windows_x86_64_gnullvm",
 "windows_x86_64_msvc",
]

[[package]]
name = "windows_aarch64_gnullvm"
version = "0.52.6"
source = "registry+https://github.com/rust-lang/crates.io-index"
checksum = "32a4622180e7a0ec044bb555404c800bc9fd9ec262ec147edd5989ccd0c02cd3"

[[package]]
name = "windows_aarch64_msvc"
version = "0.52.6"
source = "registry+https://github.com/rust-lang/crates.io-index"
checksum = "09ec2a7bb152e2252b53fa7803150007879548bc709c039df7627cabbd05d469"

[[package]]
name = "windows_i686_gnu"
version = "0.52.6"
source = "registry+https://github.com/rust-lang/crates.io-index"
checksum = "8e9b5ad5ab802e97eb8e295ac6720e509ee4c243f69d781394014ebfe8bbfa0b"

[[package]]
name = "windows_i686_gnullvm"
version = "0.52.6"
source = "registry+https://github.com/rust-lang/crates.io-index"
checksum = "0eee52d38c090b3caa76c563b86c3a4bd71ef1a819287c19d586d7334ae8ed66"

[[package]]
name = "windows_i686_msvc"
version = "0.52.6"
source = "registry+https://github.com/rust-lang/crates.io-index"
checksum = "240948bc05c5e7c6dabba28bf89d89ffce3e303022809e73deaefe4f6ec56c66"

[[package]]
name = "windows_x86_64_gnu"
version = "0.52.6"
source = "registry+https://github.com/rust-lang/crates.io-index"
checksum = "147a5c80aabfbf0c7d901cb5895d1de30ef2907eb21fbbab29ca94c5b08b1a78"

[[package]]
name = "windows_x86_64_gnullvm"
version = "0.52.6"
source = "registry+https://github.com/rust-lang/crates.io-index"
checksum = "24d5b23dc417412679681396f2b49f3de8c1473deb516bd34410872eff51ed0d"

[[package]]
name = "windows_x86_64_msvc"
version = "0.52.6"
source = "registry+https://github.com/rust-lang/crates.io-index"
checksum = "589f6da84c646204747d1270a2a5661ea66ed1cced2631d546fdfb155959f9ec"

[[package]]
name = "wit-bindgen-rt"
version = "0.33.0"
source = "registry+https://github.com/rust-lang/crates.io-index"
checksum = "3268f3d866458b787f390cf61f4bbb563b922d091359f9608842999eaee3943c"
dependencies = [
 "bitflags",
]

[[package]]
name = "zerocopy"
version = "0.7.35"
source = "registry+https://github.com/rust-lang/crates.io-index"
checksum = "1b9b4fd18abc82b8136838da5d50bae7bdea537c574d8dc1a34ed098d6c166f0"
dependencies = [
 "byteorder",
 "zerocopy-derive 0.7.35",
]

[[package]]
name = "zerocopy"
version = "0.8.14"
source = "registry+https://github.com/rust-lang/crates.io-index"
checksum = "a367f292d93d4eab890745e75a778da40909cab4d6ff8173693812f79c4a2468"
dependencies = [
 "zerocopy-derive 0.8.14",
]

[[package]]
name = "zerocopy-derive"
version = "0.7.35"
source = "registry+https://github.com/rust-lang/crates.io-index"
checksum = "fa4f8080344d4671fb4e831a13ad1e68092748387dfc4f55e356242fae12ce3e"
dependencies = [
 "proc-macro2",
 "quote",
 "syn 2.0.96",
]

[[package]]
name = "zerocopy-derive"
version = "0.8.14"
source = "registry+https://github.com/rust-lang/crates.io-index"
checksum = "d3931cb58c62c13adec22e38686b559c86a30565e16ad6e8510a337cedc611e1"
dependencies = [
 "proc-macro2",
 "quote",
 "syn 2.0.96",
]
